
Microsoft Visual Studio Solution File, Format Version 12.00
# Visual Studio Version 17
VisualStudioVersion = 17.14.36616.10 d17.14
MinimumVisualStudioVersion = 10.0.40219.1
Project("{FAE04EC0-301F-11D3-BF4B-00C04F79EFBC}") = "badminton_web", "badminton_web\badminton_web.csproj", "{F4A36E39-D37A-4430-891F-4AC574A9984E}"
EndProject
Global
	GlobalSection(SolutionConfigurationPlatforms) = preSolution
		Debug|Any CPU = Debug|Any CPU
		Release|Any CPU = Release|Any CPU
	EndGlobalSection
	GlobalSection(ProjectConfigurationPlatforms) = postSolution
		{F4A36E39-D37A-4430-891F-4AC574A9984E}.Debug|Any CPU.ActiveCfg = Debug|Any CPU
		{F4A36E39-D37A-4430-891F-4AC574A9984E}.Debug|Any CPU.Build.0 = Debug|Any CPU
		{F4A36E39-D37A-4430-891F-4AC574A9984E}.Release|Any CPU.ActiveCfg = Release|Any CPU
		{F4A36E39-D37A-4430-891F-4AC574A9984E}.Release|Any CPU.Build.0 = Release|Any CPU
	EndGlobalSection
	GlobalSection(SolutionProperties) = preSolution
		HideSolutionNode = FALSE
	EndGlobalSection
	GlobalSection(ExtensibilityGlobals) = postSolution
		SolutionGuid = {3F1D6299-36EA-4ED9-B170-6E87A76230CB}
	EndGlobalSection
EndGlobal
